// !$*UTF8*$!
{
	archiveVersion = 1;
	classes = {
	};
	objectVersion = 55;
	objects = {

/* Begin PBXBuildFile section */
		A451978628A18F01003C799A /* AppDelegate.swift in Sources */ = {isa = PBXBuildFile; fileRef = A451978528A18F01003C799A /* AppDelegate.swift */; };
		A451978828A18F01003C799A /* SceneDelegate.swift in Sources */ = {isa = PBXBuildFile; fileRef = A451978728A18F01003C799A /* SceneDelegate.swift */; };
		A451978A28A18F01003C799A /* ViewController.swift in Sources */ = {isa = PBXBuildFile; fileRef = A451978928A18F01003C799A /* ViewController.swift */; };
		A451978D28A18F01003C799A /* Main.storyboard in Resources */ = {isa = PBXBuildFile; fileRef = A451978B28A18F01003C799A /* Main.storyboard */; };
		A451978F28A18F02003C799A /* Assets.xcassets in Resources */ = {isa = PBXBuildFile; fileRef = A451978E28A18F02003C799A /* Assets.xcassets */; };
		A451979228A18F02003C799A /* LaunchScreen.storyboard in Resources */ = {isa = PBXBuildFile; fileRef = A451979028A18F02003C799A /* LaunchScreen.storyboard */; };
		A451979B28A1921C003C799A /* data.json in Resources */ = {isa = PBXBuildFile; fileRef = A451979A28A1921C003C799A /* data.json */; };
		A45197A428A19EA7003C799A /* EventCell.swift in Sources */ = {isa = PBXBuildFile; fileRef = A45197A228A19EA7003C799A /* EventCell.swift */; };
		A45197A528A19EA7003C799A /* EventCell.xib in Resources */ = {isa = PBXBuildFile; fileRef = A45197A328A19EA7003C799A /* EventCell.xib */; };
		A45197A928A1A0C5003C799A /* Model.swift in Sources */ = {isa = PBXBuildFile; fileRef = A45197A828A1A0C5003C799A /* Model.swift */; };
		E2B3CD6F635CAFA337E9FB7D /* Pods_Stubhub.framework in Frameworks */ = {isa = PBXBuildFile; fileRef = 1E04CB13ADC3C354ED830619 /* Pods_Stubhub.framework */; };
/* End PBXBuildFile section */

/* Begin PBXFileReference section */
		10E75660F0E75D546C7BF5DA /* Pods-Stubhub.debug.xcconfig */ = {isa = PBXFileReference; includeInIndex = 1; lastKnownFileType = text.xcconfig; name = "Pods-Stubhub.debug.xcconfig"; path = "Target Support Files/Pods-Stubhub/Pods-Stubhub.debug.xcconfig"; sourceTree = "<group>"; };
		1E04CB13ADC3C354ED830619 /* Pods_Stubhub.framework */ = {isa = PBXFileReference; explicitFileType = wrapper.framework; includeInIndex = 0; path = Pods_Stubhub.framework; sourceTree = BUILT_PRODUCTS_DIR; };
		A451978228A18F01003C799A /* Stubhub.app */ = {isa = PBXFileReference; explicitFileType = wrapper.application; includeInIndex = 0; path = Stubhub.app; sourceTree = BUILT_PRODUCTS_DIR; };
		A451978528A18F01003C799A /* AppDelegate.swift */ = {isa = PBXFileReference; lastKnownFileType = sourcecode.swift; path = AppDelegate.swift; sourceTree = "<group>"; };
		A451978728A18F01003C799A /* SceneDelegate.swift */ = {isa = PBXFileReference; lastKnownFileType = sourcecode.swift; path = SceneDelegate.swift; sourceTree = "<group>"; };
		A451978928A18F01003C799A /* ViewController.swift */ = {isa = PBXFileReference; lastKnownFileType = sourcecode.swift; path = ViewController.swift; sourceTree = "<group>"; };
		A451978C28A18F01003C799A /* Base */ = {isa = PBXFileReference; lastKnownFileType = file.storyboard; name = Base; path = Base.lproj/Main.storyboard; sourceTree = "<group>"; };
		A451978E28A18F02003C799A /* Assets.xcassets */ = {isa = PBXFileReference; lastKnownFileType = folder.assetcatalog; path = Assets.xcassets; sourceTree = "<group>"; };
		A451979128A18F02003C799A /* Base */ = {isa = PBXFileReference; lastKnownFileType = file.storyboard; name = Base; path = Base.lproj/LaunchScreen.storyboard; sourceTree = "<group>"; };
		A451979328A18F02003C799A /* Info.plist */ = {isa = PBXFileReference; lastKnownFileType = text.plist.xml; path = Info.plist; sourceTree = "<group>"; };
		A451979A28A1921C003C799A /* data.json */ = {isa = PBXFileReference; lastKnownFileType = text.json; path = data.json; sourceTree = "<group>"; };
		A45197A228A19EA7003C799A /* EventCell.swift */ = {isa = PBXFileReference; lastKnownFileType = sourcecode.swift; path = EventCell.swift; sourceTree = "<group>"; };
		A45197A328A19EA7003C799A /* EventCell.xib */ = {isa = PBXFileReference; lastKnownFileType = file.xib; path = EventCell.xib; sourceTree = "<group>"; };
		A45197A828A1A0C5003C799A /* Model.swift */ = {isa = PBXFileReference; lastKnownFileType = sourcecode.swift; path = Model.swift; sourceTree = "<group>"; };
		E2CC08F05E7C7A3A09EE126B /* Pods-Stubhub.release.xcconfig */ = {isa = PBXFileReference; includeInIndex = 1; lastKnownFileType = text.xcconfig; name = "Pods-Stubhub.release.xcconfig"; path = "Target Support Files/Pods-Stubhub/Pods-Stubhub.release.xcconfig"; sourceTree = "<group>"; };
/* End PBXFileReference section */

/* Begin PBXFrameworksBuildPhase section */
		A451977F28A18F01003C799A /* Frameworks */ = {
			isa = PBXFrameworksBuildPhase;
			buildActionMask = 2147483647;
			files = (
				E2B3CD6F635CAFA337E9FB7D /* Pods_Stubhub.framework in Frameworks */,
			);
			runOnlyForDeploymentPostprocessing = 0;
		};
/* End PBXFrameworksBuildPhase section */

/* Begin PBXGroup section */
		7EE91BB5F56297D0192163DC /* Pods */ = {
			isa = PBXGroup;
			children = (
				10E75660F0E75D546C7BF5DA /* Pods-Stubhub.debug.xcconfig */,
				E2CC08F05E7C7A3A09EE126B /* Pods-Stubhub.release.xcconfig */,
			);
			path = Pods;
			sourceTree = "<group>";
		};
		A451977928A18F01003C799A = {
			isa = PBXGroup;
			children = (
				A451978428A18F01003C799A /* Stubhub */,
				A451978328A18F01003C799A /* Products */,
				7EE91BB5F56297D0192163DC /* Pods */,
				B5E5C77EF78D9A952C74738A /* Frameworks */,
			);
			sourceTree = "<group>";
		};
		A451978328A18F01003C799A /* Products */ = {
			isa = PBXGroup;
			children = (
				A451978228A18F01003C799A /* Stubhub.app */,
			);
			name = Products;
			sourceTree = "<group>";
		};
		A451978428A18F01003C799A /* Stubhub */ = {
			isa = PBXGroup;
			children = (
				A451979C28A1988A003C799A /* Utility */,
				A451979D28A1989B003C799A /* Controller */,
				A451979F28A19A50003C799A /* View */,
				A451979E28A198A5003C799A /* Storyboard */,
				A451979928A191B1003C799A /* Resources */,
				A451979328A18F02003C799A /* Info.plist */,
			);
			path = Stubhub;
			sourceTree = "<group>";
		};
		A451979928A191B1003C799A /* Resources */ = {
			isa = PBXGroup;
			children = (
				A451979A28A1921C003C799A /* data.json */,
				A451978E28A18F02003C799A /* Assets.xcassets */,
			);
			path = Resources;
			sourceTree = "<group>";
		};
		A451979C28A1988A003C799A /* Utility */ = {
			isa = PBXGroup;
			children = (
				A45197A628A1A0B0003C799A /* Delegate */,
				A45197A728A1A0B9003C799A /* Model */,
			);
			path = Utility;
			sourceTree = "<group>";
		};
		A451979D28A1989B003C799A /* Controller */ = {
			isa = PBXGroup;
			children = (
				A451978928A18F01003C799A /* ViewController.swift */,
			);
			path = Controller;
			sourceTree = "<group>";
		};
		A451979E28A198A5003C799A /* Storyboard */ = {
			isa = PBXGroup;
			children = (
				A451978B28A18F01003C799A /* Main.storyboard */,
				A451979028A18F02003C799A /* LaunchScreen.storyboard */,
			);
			path = Storyboard;
			sourceTree = "<group>";
		};
		A451979F28A19A50003C799A /* View */ = {
			isa = PBXGroup;
			children = (
				A45197A028A19A58003C799A /* TableViewCell */,
			);
			path = View;
			sourceTree = "<group>";
		};
		A45197A028A19A58003C799A /* TableViewCell */ = {
			isa = PBXGroup;
			children = (
				A45197A128A19E99003C799A /* EventCell */,
			);
			path = TableViewCell;
			sourceTree = "<group>";
		};
		A45197A128A19E99003C799A /* EventCell */ = {
			isa = PBXGroup;
			children = (
				A45197A228A19EA7003C799A /* EventCell.swift */,
				A45197A328A19EA7003C799A /* EventCell.xib */,
			);
			path = EventCell;
			sourceTree = "<group>";
		};
		A45197A628A1A0B0003C799A /* Delegate */ = {
			isa = PBXGroup;
			children = (
				A451978528A18F01003C799A /* AppDelegate.swift */,
				A451978728A18F01003C799A /* SceneDelegate.swift */,
			);
			path = Delegate;
			sourceTree = "<group>";
		};
		A45197A728A1A0B9003C799A /* Model */ = {
			isa = PBXGroup;
			children = (
				A45197A828A1A0C5003C799A /* Model.swift */,
			);
			path = Model;
			sourceTree = "<group>";
		};
		B5E5C77EF78D9A952C74738A /* Frameworks */ = {
			isa = PBXGroup;
			children = (
				1E04CB13ADC3C354ED830619 /* Pods_Stubhub.framework */,
			);
			name = Frameworks;
			sourceTree = "<group>";
		};
/* End PBXGroup section */

/* Begin PBXNativeTarget section */
		A451978128A18F01003C799A /* Stubhub */ = {
			isa = PBXNativeTarget;
			buildConfigurationList = A451979628A18F02003C799A /* Build configuration list for PBXNativeTarget "Stubhub" */;
			buildPhases = (
				0AB492286D9ED5E117F3DF19 /* [CP] Check Pods Manifest.lock */,
				A451977E28A18F01003C799A /* Sources */,
				A451977F28A18F01003C799A /* Frameworks */,
				A451978028A18F01003C799A /* Resources */,
				7F2B0D1C45EBE788E091503B /* [CP] Embed Pods Frameworks */,
			);
			buildRules = (
			);
			dependencies = (
			);
			name = Stubhub;
			productName = Stubhub;
			productReference = A451978228A18F01003C799A /* Stubhub.app */;
			productType = "com.apple.product-type.application";
		};
/* End PBXNativeTarget section */

/* Begin PBXProject section */
		A451977A28A18F01003C799A /* Project object */ = {
			isa = PBXProject;
			attributes = {
				BuildIndependentTargetsInParallel = 1;
				LastSwiftUpdateCheck = 1340;
				LastUpgradeCheck = 1340;
				TargetAttributes = {
					A451978128A18F01003C799A = {
						CreatedOnToolsVersion = 13.4.1;
					};
				};
			};
			buildConfigurationList = A451977D28A18F01003C799A /* Build configuration list for PBXProject "Stubhub" */;
			compatibilityVersion = "Xcode 13.0";
			developmentRegion = en;
			hasScannedForEncodings = 0;
			knownRegions = (
				en,
				Base,
			);
			mainGroup = A451977928A18F01003C799A;
			productRefGroup = A451978328A18F01003C799A /* Products */;
			projectDirPath = "";
			projectRoot = "";
			targets = (
				A451978128A18F01003C799A /* Stubhub */,
			);
		};
/* End PBXProject section */

/* Begin PBXResourcesBuildPhase section */
		A451978028A18F01003C799A /* Resources */ = {
			isa = PBXResourcesBuildPhase;
			buildActionMask = 2147483647;
			files = (
				A451979228A18F02003C799A /* LaunchScreen.storyboard in Resources */,
				A451978F28A18F02003C799A /* Assets.xcassets in Resources */,
				A451978D28A18F01003C799A /* Main.storyboard in Resources */,
				A45197A528A19EA7003C799A /* EventCell.xib in Resources */,
				A451979B28A1921C003C799A /* data.json in Resources */,
			);
			runOnlyForDeploymentPostprocessing = 0;
		};
/* End PBXResourcesBuildPhase section */

/* Begin PBXShellScriptBuildPhase section */
		0AB492286D9ED5E117F3DF19 /* [CP] Check Pods Manifest.lock */ = {
			isa = PBXShellScriptBuildPhase;
			buildActionMask = 2147483647;
			files = (
			);
			inputFileListPaths = (
			);
			inputPaths = (
				"${PODS_PODFILE_DIR_PATH}/Podfile.lock",
				"${PODS_ROOT}/Manifest.lock",
			);
			name = "[CP] Check Pods Manifest.lock";
			outputFileListPaths = (
			);
			outputPaths = (
				"$(DERIVED_FILE_DIR)/Pods-Stubhub-checkManifestLockResult.txt",
			);
			runOnlyForDeploymentPostprocessing = 0;
			shellPath = /bin/sh;
			shellScript = "diff \"${PODS_PODFILE_DIR_PATH}/Podfile.lock\" \"${PODS_ROOT}/Manifest.lock\" > /dev/null\nif [ $? != 0 ] ; then\n    # print error to STDERR\n    echo \"error: The sandbox is not in sync with the Podfile.lock. Run 'pod install' or update your CocoaPods installation.\" >&2\n    exit 1\nfi\n# This output is used by Xcode 'outputs' to avoid re-running this script phase.\necho \"SUCCESS\" > \"${SCRIPT_OUTPUT_FILE_0}\"\n";
			showEnvVarsInLog = 0;
		};
		7F2B0D1C45EBE788E091503B /* [CP] Embed Pods Frameworks */ = {
			isa = PBXShellScriptBuildPhase;
			buildActionMask = 2147483647;
			files = (
			);
			inputFileListPaths = (
				"${PODS_ROOT}/Target Support Files/Pods-Stubhub/Pods-Stubhub-frameworks-${CONFIGURATION}-input-files.xcfilelist",
			);
			name = "[CP] Embed Pods Frameworks";
			outputFileListPaths = (
				"${PODS_ROOT}/Target Support Files/Pods-Stubhub/Pods-Stubhub-frameworks-${CONFIGURATION}-output-files.xcfilelist",
			);
			runOnlyForDeploymentPostprocessing = 0;
			shellPath = /bin/sh;
			shellScript = "\"${PODS_ROOT}/Target Support Files/Pods-Stubhub/Pods-Stubhub-frameworks.sh\"\n";
			showEnvVarsInLog = 0;
		};
/* End PBXShellScriptBuildPhase section */

/* Begin PBXSourcesBuildPhase section */
		A451977E28A18F01003C799A /* Sources */ = {
			isa = PBXSourcesBuildPhase;
			buildActionMask = 2147483647;
			files = (
				A45197A928A1A0C5003C799A /* Model.swift in Sources */,
				A45197A428A19EA7003C799A /* EventCell.swift in Sources */,
				A451978A28A18F01003C799A /* ViewController.swift in Sources */,
				A451978628A18F01003C799A /* AppDelegate.swift in Sources */,
				A451978828A18F01003C799A /* SceneDelegate.swift in Sources */,
			);
			runOnlyForDeploymentPostprocessing = 0;
		};
/* End PBXSourcesBuildPhase section */

/* Begin PBXVariantGroup section */
		A451978B28A18F01003C799A /* Main.storyboard */ = {
			isa = PBXVariantGroup;
			children = (
				A451978C28A18F01003C799A /* Base */,
			);
			name = Main.storyboard;
			sourceTree = "<group>";
		};
		A451979028A18F02003C799A /* LaunchScreen.storyboard */ = {
			isa = PBXVariantGroup;
			children = (
				A451979128A18F02003C799A /* Base */,
			);
			name = LaunchScreen.storyboard;
			sourceTree = "<group>";
		};
/* End PBXVariantGroup section */

/* Begin XCBuildConfiguration section */
		A451979428A18F02003C799A /* Debug */ = {
			isa = XCBuildConfiguration;
			buildSettings = {
				ALWAYS_SEARCH_USER_PATHS = NO;
				CLANG_ANALYZER_NONNULL = YES;
				CLANG_ANALYZER_NUMBER_OBJECT_CONVERSION = YES_AGGRESSIVE;
				CLANG_CXX_LANGUAGE_STANDARD = "gnu++17";
				CLANG_ENABLE_MODULES = YES;
				CLANG_ENABLE_OBJC_ARC = YES;
				CLANG_ENABLE_OBJC_WEAK = YES;
				CLANG_WARN_BLOCK_CAPTURE_AUTORELEASING = YES;
				CLANG_WARN_BOOL_CONVERSION = YES;
				CLANG_WARN_COMMA = YES;
				CLANG_WARN_CONSTANT_CONVERSION = YES;
				CLANG_WARN_DEPRECATED_OBJC_IMPLEMENTATIONS = YES;
				CLANG_WARN_DIRECT_OBJC_ISA_USAGE = YES_ERROR;
				CLANG_WARN_DOCUMENTATION_COMMENTS = YES;
				CLANG_WARN_EMPTY_BODY = YES;
				CLANG_WARN_ENUM_CONVERSION = YES;
				CLANG_WARN_INFINITE_RECURSION = YES;
				CLANG_WARN_INT_CONVERSION = YES;
				CLANG_WARN_NON_LITERAL_NULL_CONVERSION = YES;
				CLANG_WARN_OBJC_IMPLICIT_RETAIN_SELF = YES;
				CLANG_WARN_OBJC_LITERAL_CONVERSION = YES;
				CLANG_WARN_OBJC_ROOT_CLASS = YES_ERROR;
				CLANG_WARN_QUOTED_INCLUDE_IN_FRAMEWORK_HEADER = YES;
				CLANG_WARN_RANGE_LOOP_ANALYSIS = YES;
				CLANG_WARN_STRICT_PROTOTYPES = YES;
				CLANG_WARN_SUSPICIOUS_MOVE = YES;
				CLANG_WARN_UNGUARDED_AVAILABILITY = YES_AGGRESSIVE;
				CLANG_WARN_UNREACHABLE_CODE = YES;
				CLANG_WARN__DUPLICATE_METHOD_MATCH = YES;
				COPY_PHASE_STRIP = NO;
				DEBUG_INFORMATION_FORMAT = dwarf;
				ENABLE_STRICT_OBJC_MSGSEND = YES;
				ENABLE_TESTABILITY = YES;
				GCC_C_LANGUAGE_STANDARD = gnu11;
				GCC_DYNAMIC_NO_PIC = NO;
				GCC_NO_COMMON_BLOCKS = YES;
				GCC_OPTIMIZATION_LEVEL = 0;
				GCC_PREPROCESSOR_DEFINITIONS = (
					"DEBUG=1",
					"$(inherited)",
				);
				GCC_WARN_64_TO_32_BIT_CONVERSION = YES;
				GCC_WARN_ABOUT_RETURN_TYPE = YES_ERROR;
				GCC_WARN_UNDECLARED_SELECTOR = YES;
				GCC_WARN_UNINITIALIZED_AUTOS = YES_AGGRESSIVE;
				GCC_WARN_UNUSED_FUNCTION = YES;
				GCC_WARN_UNUSED_VARIABLE = YES;
				IPHONEOS_DEPLOYMENT_TARGET = 15.5;
				MTL_ENABLE_DEBUG_INFO = INCLUDE_SOURCE;
				MTL_FAST_MATH = YES;
				ONLY_ACTIVE_ARCH = YES;
				SDKROOT = iphoneos;
				SWIFT_ACTIVE_COMPILATION_CONDITIONS = DEBUG;
				SWIFT_OPTIMIZATION_LEVEL = "-Onone";
			};
			name = Debug;
		};
		A451979528A18F02003C799A /* Release */ = {
			isa = XCBuildConfiguration;
			buildSettings = {
				ALWAYS_SEARCH_USER_PATHS = NO;
				CLANG_ANALYZER_NONNULL = YES;
				CLANG_ANALYZER_NUMBER_OBJECT_CONVERSION = YES_AGGRESSIVE;
				CLANG_CXX_LANGUAGE_STANDARD = "gnu++17";
				CLANG_ENABLE_MODULES = YES;
				CLANG_ENABLE_OBJC_ARC = YES;
				CLANG_ENABLE_OBJC_WEAK = YES;
				CLANG_WARN_BLOCK_CAPTURE_AUTORELEASING = YES;
				CLANG_WARN_BOOL_CONVERSION = YES;
				CLANG_WARN_COMMA = YES;
				CLANG_WARN_CONSTANT_CONVERSION = YES;
				CLANG_WARN_DEPRECATED_OBJC_IMPLEMENTATIONS = YES;
				CLANG_WARN_DIRECT_OBJC_ISA_USAGE = YES_ERROR;
				CLANG_WARN_DOCUMENTATION_COMMENTS = YES;
				CLANG_WARN_EMPTY_BODY = YES;
				CLANG_WARN_ENUM_CONVERSION = YES;
				CLANG_WARN_INFINITE_RECURSION = YES;
				CLANG_WARN_INT_CONVERSION = YES;
				CLANG_WARN_NON_LITERAL_NULL_CONVERSION = YES;
				CLANG_WARN_OBJC_IMPLICIT_RETAIN_SELF = YES;
				CLANG_WARN_OBJC_LITERAL_CONVERSION = YES;
				CLANG_WARN_OBJC_ROOT_CLASS = YES_ERROR;
				CLANG_WARN_QUOTED_INCLUDE_IN_FRAMEWORK_HEADER = YES;
				CLANG_WARN_RANGE_LOOP_ANALYSIS = YES;
				CLANG_WARN_STRICT_PROTOTYPES = YES;
				CLANG_WARN_SUSPICIOUS_MOVE = YES;
				CLANG_WARN_UNGUARDED_AVAILABILITY = YES_AGGRESSIVE;
				CLANG_WARN_UNREACHABLE_CODE = YES;
				CLANG_WARN__DUPLICATE_METHOD_MATCH = YES;
				COPY_PHASE_STRIP = NO;
				DEBUG_INFORMATION_FORMAT = "dwarf-with-dsym";
				ENABLE_NS_ASSERTIONS = NO;
				ENABLE_STRICT_OBJC_MSGSEND = YES;
				GCC_C_LANGUAGE_STANDARD = gnu11;
				GCC_NO_COMMON_BLOCKS = YES;
				GCC_WARN_64_TO_32_BIT_CONVERSION = YES;
				GCC_WARN_ABOUT_RETURN_TYPE = YES_ERROR;
				GCC_WARN_UNDECLARED_SELECTOR = YES;
				GCC_WARN_UNINITIALIZED_AUTOS = YES_AGGRESSIVE;
				GCC_WARN_UNUSED_FUNCTION = YES;
				GCC_WARN_UNUSED_VARIABLE = YES;
				IPHONEOS_DEPLOYMENT_TARGET = 15.5;
				MTL_ENABLE_DEBUG_INFO = NO;
				MTL_FAST_MATH = YES;
				SDKROOT = iphoneos;
				SWIFT_COMPILATION_MODE = wholemodule;
				SWIFT_OPTIMIZATION_LEVEL = "-O";
				VALIDATE_PRODUCT = YES;
			};
			name = Release;
		};
		A451979728A18F02003C799A /* Debug */ = {
			isa = XCBuildConfiguration;
			baseConfigurationReference = 10E75660F0E75D546C7BF5DA /* Pods-Stubhub.debug.xcconfig */;
			buildSettings = {
				ASSETCATALOG_COMPILER_APPICON_NAME = AppIcon;
				ASSETCATALOG_COMPILER_GLOBAL_ACCENT_COLOR_NAME = AccentColor;
				CODE_SIGN_STYLE = Automatic;
				CURRENT_PROJECT_VERSION = 1;
				GENERATE_INFOPLIST_FILE = YES;
				INFOPLIST_FILE = Stubhub/Info.plist;
				INFOPLIST_KEY_UIApplicationSupportsIndirectInputEvents = YES;
				INFOPLIST_KEY_UILaunchStoryboardName = LaunchScreen;
				INFOPLIST_KEY_UIMainStoryboardFile = Main;
				INFOPLIST_KEY_UISupportedInterfaceOrientations_iPad = "UIInterfaceOrientationPortrait UIInterfaceOrientationPortraitUpsideDown UIInterfaceOrientationLandscapeLeft UIInterfaceOrientationLandscapeRight";
				INFOPLIST_KEY_UISupportedInterfaceOrientations_iPhone = "UIInterfaceOrientationPortrait UIInterfaceOrientationLandscapeLeft UIInterfaceOrientationLandscapeRight";
				LD_RUNPATH_SEARCH_PATHS = (
					"$(inherited)",
					"@executable_path/Frameworks",
				);
				MARKETING_VERSION = 1.0;
				PRODUCT_BUNDLE_IDENTIFIER = com.sun.jian.stubhub.Stubhub;
				PRODUCT_NAME = "$(TARGET_NAME)";
				SWIFT_EMIT_LOC_STRINGS = YES;
				SWIFT_VERSION = 5.0;
				TARGETED_DEVICE_FAMILY = "1,2";
			};
			name = Debug;
		};
		A451979828A18F02003C799A /* Release */ = {
			isa = XCBuildConfiguration;
			baseConfigurationReference = E2CC08F05E7C7A3A09EE126B /* Pods-Stubhub.release.xcconfig */;
			buildSettings = {
				ASSETCATALOG_COMPILER_APPICON_NAME = AppIcon;
				ASSETCATALOG_COMPILER_GLOBAL_ACCENT_COLOR_NAME = AccentColor;
				CODE_SIGN_STYLE = Automatic;
				CURRENT_PROJECT_VERSION = 1;
				GENERATE_INFOPLIST_FILE = YES;
				INFOPLIST_FILE = Stubhub/Info.plist;
				INFOPLIST_KEY_UIApplicationSupportsIndirectInputEvents = YES;
				INFOPLIST_KEY_UILaunchStoryboardName = LaunchScreen;
				INFOPLIST_KEY_UIMainStoryboardFile = Main;
				INFOPLIST_KEY_UISupportedInterfaceOrientations_iPad = "UIInterfaceOrientationPortrait UIInterfaceOrientationPortraitUpsideDown UIInterfaceOrientationLandscapeLeft UIInterfaceOrientationLandscapeRight";
				INFOPLIST_KEY_UISupportedInterfaceOrientations_iPhone = "UIInterfaceOrientationPortrait UIInterfaceOrientationLandscapeLeft UIInterfaceOrientationLandscapeRight";
				LD_RUNPATH_SEARCH_PATHS = (
					"$(inherited)",
					"@executable_path/Frameworks",
				);
				MARKETING_VERSION = 1.0;
				PRODUCT_BUNDLE_IDENTIFIER = com.sun.jian.stubhub.Stubhub;
				PRODUCT_NAME = "$(TARGET_NAME)";
				SWIFT_EMIT_LOC_STRINGS = YES;
				SWIFT_VERSION = 5.0;
				TARGETED_DEVICE_FAMILY = "1,2";
			};
			name = Release;
		};
/* End XCBuildConfiguration section */

/* Begin XCConfigurationList section */
		A451977D28A18F01003C799A /* Build configuration list for PBXProject "Stubhub" */ = {
			isa = XCConfigurationList;
			buildConfigurations = (
				A451979428A18F02003C799A /* Debug */,
				A451979528A18F02003C799A /* Release */,
			);
			defaultConfigurationIsVisible = 0;
			defaultConfigurationName = Release;
		};
		A451979628A18F02003C799A /* Build configuration list for PBXNativeTarget "Stubhub" */ = {
			isa = XCConfigurationList;
			buildConfigurations = (
				A451979728A18F02003C799A /* Debug */,
				A451979828A18F02003C799A /* Release */,
			);
			defaultConfigurationIsVisible = 0;
			defaultConfigurationName = Release;
		};
/* End XCConfigurationList section */
	};
	rootObject = A451977A28A18F01003C799A /* Project object */;
}
